// !$*UTF8*$!
{
	archiveVersion = 1;
	classes = {
	};
	objectVersion = 55;
	objects = {

/* Begin PBXBuildFile section */
		AC3F53AF27D8A4E7009B74F5 /* AppDelegate.swift in Sources */ = {isa = PBXBuildFile; fileRef = AC3F53AE27D8A4E7009B74F5 /* AppDelegate.swift */; };
		AC3F53B127D8A4E7009B74F5 /* SceneDelegate.swift in Sources */ = {isa = PBXBuildFile; fileRef = AC3F53B027D8A4E7009B74F5 /* SceneDelegate.swift */; };
		AC3F53B627D8A4E7009B74F5 /* Main.storyboard in Resources */ = {isa = PBXBuildFile; fileRef = AC3F53B427D8A4E7009B74F5 /* Main.storyboard */; };
		AC3F53B827D8A4E8009B74F5 /* Assets.xcassets in Resources */ = {isa = PBXBuildFile; fileRef = AC3F53B727D8A4E8009B74F5 /* Assets.xcassets */; };
		AC3F53BB27D8A4E8009B74F5 /* LaunchScreen.storyboard in Resources */ = {isa = PBXBuildFile; fileRef = AC3F53B927D8A4E8009B74F5 /* LaunchScreen.storyboard */; };
		AC3F53C427D8A53D009B74F5 /* HomeViewController.swift in Sources */ = {isa = PBXBuildFile; fileRef = AC3F53C327D8A53D009B74F5 /* HomeViewController.swift */; };
		AC3F53C627D8A556009B74F5 /* UpcomingViewController.swift in Sources */ = {isa = PBXBuildFile; fileRef = AC3F53C527D8A556009B74F5 /* UpcomingViewController.swift */; };
		AC3F53C827D8A563009B74F5 /* SearchViewController.swift in Sources */ = {isa = PBXBuildFile; fileRef = AC3F53C727D8A563009B74F5 /* SearchViewController.swift */; };
		AC3F53CA27D8A575009B74F5 /* DownloadsViewController.swift in Sources */ = {isa = PBXBuildFile; fileRef = AC3F53C927D8A575009B74F5 /* DownloadsViewController.swift */; };
		AC3F53CC27D8A604009B74F5 /* MainTabbarViewController.swift in Sources */ = {isa = PBXBuildFile; fileRef = AC3F53CB27D8A604009B74F5 /* MainTabbarViewController.swift */; };
		ACFA4CFB27D8B92800DB7692 /* FeedTableViewCell.swift in Sources */ = {isa = PBXBuildFile; fileRef = ACFA4CFA27D8B92800DB7692 /* FeedTableViewCell.swift */; };
		ACFA4CFD27D8C27C00DB7692 /* HeroHeaderUIView.swift in Sources */ = {isa = PBXBuildFile; fileRef = ACFA4CFC27D8C27C00DB7692 /* HeroHeaderUIView.swift */; };
		ACFA4CFF27D939D800DB7692 /* NetworkManager.swift in Sources */ = {isa = PBXBuildFile; fileRef = ACFA4CFE27D939D800DB7692 /* NetworkManager.swift */; };
		ACFA4D0127D93A0D00DB7692 /* Constants.swift in Sources */ = {isa = PBXBuildFile; fileRef = ACFA4D0027D93A0D00DB7692 /* Constants.swift */; };
		ACFA4D0327D93FFC00DB7692 /* TrendingMovie.swift in Sources */ = {isa = PBXBuildFile; fileRef = ACFA4D0227D93FFC00DB7692 /* TrendingMovie.swift */; };
		ACFA4D0527D943C800DB7692 /* APIError.swift in Sources */ = {isa = PBXBuildFile; fileRef = ACFA4D0427D943C800DB7692 /* APIError.swift */; };
		ACFA4D0727D9DEC500DB7692 /* Extensions.swift in Sources */ = {isa = PBXBuildFile; fileRef = ACFA4D0627D9DEC500DB7692 /* Extensions.swift */; };
/* End PBXBuildFile section */

/* Begin PBXFileReference section */
		AC3F53AB27D8A4E7009B74F5 /* Netflix-Swift5.app */ = {isa = PBXFileReference; explicitFileType = wrapper.application; includeInIndex = 0; path = "Netflix-Swift5.app"; sourceTree = BUILT_PRODUCTS_DIR; };
		AC3F53AE27D8A4E7009B74F5 /* AppDelegate.swift */ = {isa = PBXFileReference; lastKnownFileType = sourcecode.swift; path = AppDelegate.swift; sourceTree = "<group>"; };
		AC3F53B027D8A4E7009B74F5 /* SceneDelegate.swift */ = {isa = PBXFileReference; lastKnownFileType = sourcecode.swift; path = SceneDelegate.swift; sourceTree = "<group>"; };
		AC3F53B527D8A4E7009B74F5 /* Base */ = {isa = PBXFileReference; lastKnownFileType = file.storyboard; name = Base; path = Base.lproj/Main.storyboard; sourceTree = "<group>"; };
		AC3F53B727D8A4E8009B74F5 /* Assets.xcassets */ = {isa = PBXFileReference; lastKnownFileType = folder.assetcatalog; path = Assets.xcassets; sourceTree = "<group>"; };
		AC3F53BA27D8A4E8009B74F5 /* Base */ = {isa = PBXFileReference; lastKnownFileType = file.storyboard; name = Base; path = Base.lproj/LaunchScreen.storyboard; sourceTree = "<group>"; };
		AC3F53BC27D8A4E8009B74F5 /* Info.plist */ = {isa = PBXFileReference; lastKnownFileType = text.plist.xml; path = Info.plist; sourceTree = "<group>"; };
		AC3F53C327D8A53D009B74F5 /* HomeViewController.swift */ = {isa = PBXFileReference; lastKnownFileType = sourcecode.swift; path = HomeViewController.swift; sourceTree = "<group>"; };
		AC3F53C527D8A556009B74F5 /* UpcomingViewController.swift */ = {isa = PBXFileReference; lastKnownFileType = sourcecode.swift; path = UpcomingViewController.swift; sourceTree = "<group>"; };
		AC3F53C727D8A563009B74F5 /* SearchViewController.swift */ = {isa = PBXFileReference; lastKnownFileType = sourcecode.swift; path = SearchViewController.swift; sourceTree = "<group>"; };
		AC3F53C927D8A575009B74F5 /* DownloadsViewController.swift */ = {isa = PBXFileReference; lastKnownFileType = sourcecode.swift; path = DownloadsViewController.swift; sourceTree = "<group>"; };
		AC3F53CB27D8A604009B74F5 /* MainTabbarViewController.swift */ = {isa = PBXFileReference; lastKnownFileType = sourcecode.swift; path = MainTabbarViewController.swift; sourceTree = "<group>"; };
		ACFA4CFA27D8B92800DB7692 /* FeedTableViewCell.swift */ = {isa = PBXFileReference; lastKnownFileType = sourcecode.swift; path = FeedTableViewCell.swift; sourceTree = "<group>"; };
		ACFA4CFC27D8C27C00DB7692 /* HeroHeaderUIView.swift */ = {isa = PBXFileReference; lastKnownFileType = sourcecode.swift; path = HeroHeaderUIView.swift; sourceTree = "<group>"; };
		ACFA4CFE27D939D800DB7692 /* NetworkManager.swift */ = {isa = PBXFileReference; lastKnownFileType = sourcecode.swift; path = NetworkManager.swift; sourceTree = "<group>"; };
		ACFA4D0027D93A0D00DB7692 /* Constants.swift */ = {isa = PBXFileReference; lastKnownFileType = sourcecode.swift; path = Constants.swift; sourceTree = "<group>"; };
		ACFA4D0227D93FFC00DB7692 /* TrendingMovie.swift */ = {isa = PBXFileReference; lastKnownFileType = sourcecode.swift; path = TrendingMovie.swift; sourceTree = "<group>"; };
		ACFA4D0427D943C800DB7692 /* APIError.swift */ = {isa = PBXFileReference; lastKnownFileType = sourcecode.swift; path = APIError.swift; sourceTree = "<group>"; };
		ACFA4D0627D9DEC500DB7692 /* Extensions.swift */ = {isa = PBXFileReference; lastKnownFileType = sourcecode.swift; path = Extensions.swift; sourceTree = "<group>"; };
/* End PBXFileReference section */

/* Begin PBXFrameworksBuildPhase section */
		AC3F53A827D8A4E7009B74F5 /* Frameworks */ = {
			isa = PBXFrameworksBuildPhase;
			buildActionMask = 2147483647;
			files = (
			);
			runOnlyForDeploymentPostprocessing = 0;
		};
/* End PBXFrameworksBuildPhase section */

/* Begin PBXGroup section */
		AC3F53A227D8A4E7009B74F5 = {
			isa = PBXGroup;
			children = (
				AC3F53AD27D8A4E7009B74F5 /* Netflix-Swift5 */,
				AC3F53AC27D8A4E7009B74F5 /* Products */,
			);
			sourceTree = "<group>";
		};
		AC3F53AC27D8A4E7009B74F5 /* Products */ = {
			isa = PBXGroup;
			children = (
				AC3F53AB27D8A4E7009B74F5 /* Netflix-Swift5.app */,
			);
			name = Products;
			sourceTree = "<group>";
		};
		AC3F53AD27D8A4E7009B74F5 /* Netflix-Swift5 */ = {
			isa = PBXGroup;
			children = (
				ACFA4CF927D8B7FD00DB7692 /* Managers */,
				ACFA4CF827D8B7F600DB7692 /* Resourses */,
				ACFA4CF727D8B7CE00DB7692 /* ViewModels */,
				ACFA4CF627D8B7B600DB7692 /* Models */,
				ACFA4CF527D8B7AD00DB7692 /* Views */,
				AC3F53C227D8A4FA009B74F5 /* Controllers */,
				AC3F53AE27D8A4E7009B74F5 /* AppDelegate.swift */,
				AC3F53B027D8A4E7009B74F5 /* SceneDelegate.swift */,
				AC3F53CB27D8A604009B74F5 /* MainTabbarViewController.swift */,
				AC3F53B427D8A4E7009B74F5 /* Main.storyboard */,
				AC3F53B727D8A4E8009B74F5 /* Assets.xcassets */,
				AC3F53B927D8A4E8009B74F5 /* LaunchScreen.storyboard */,
				AC3F53BC27D8A4E8009B74F5 /* Info.plist */,
			);
			path = "Netflix-Swift5";
			sourceTree = "<group>";
		};
		AC3F53C227D8A4FA009B74F5 /* Controllers */ = {
			isa = PBXGroup;
			children = (
				AC3F53C327D8A53D009B74F5 /* HomeViewController.swift */,
				AC3F53C527D8A556009B74F5 /* UpcomingViewController.swift */,
				AC3F53C727D8A563009B74F5 /* SearchViewController.swift */,
				AC3F53C927D8A575009B74F5 /* DownloadsViewController.swift */,
			);
			path = Controllers;
			sourceTree = "<group>";
		};
		ACFA4CF527D8B7AD00DB7692 /* Views */ = {
			isa = PBXGroup;
			children = (
				ACFA4CFA27D8B92800DB7692 /* FeedTableViewCell.swift */,
				ACFA4CFC27D8C27C00DB7692 /* HeroHeaderUIView.swift */,
			);
			path = Views;
			sourceTree = "<group>";
		};
		ACFA4CF627D8B7B600DB7692 /* Models */ = {
			isa = PBXGroup;
			children = (
				ACFA4D0227D93FFC00DB7692 /* TrendingMovie.swift */,
			);
			path = Models;
			sourceTree = "<group>";
		};
		ACFA4CF727D8B7CE00DB7692 /* ViewModels */ = {
			isa = PBXGroup;
			children = (
			);
			path = ViewModels;
			sourceTree = "<group>";
		};
		ACFA4CF827D8B7F600DB7692 /* Resourses */ = {
			isa = PBXGroup;
			children = (
				ACFA4D0027D93A0D00DB7692 /* Constants.swift */,
				ACFA4D0427D943C800DB7692 /* APIError.swift */,
				ACFA4D0627D9DEC500DB7692 /* Extensions.swift */,
			);
			path = Resourses;
			sourceTree = "<group>";
		};
		ACFA4CF927D8B7FD00DB7692 /* Managers */ = {
			isa = PBXGroup;
			children = (
				ACFA4CFE27D939D800DB7692 /* NetworkManager.swift */,
			);
			path = Managers;
			sourceTree = "<group>";
		};
/* End PBXGroup section */

/* Begin PBXNativeTarget section */
		AC3F53AA27D8A4E7009B74F5 /* Netflix-Swift5 */ = {
			isa = PBXNativeTarget;
			buildConfigurationList = AC3F53BF27D8A4E8009B74F5 /* Build configuration list for PBXNativeTarget "Netflix-Swift5" */;
			buildPhases = (
				AC3F53A727D8A4E7009B74F5 /* Sources */,
				AC3F53A827D8A4E7009B74F5 /* Frameworks */,
				AC3F53A927D8A4E7009B74F5 /* Resources */,
			);
			buildRules = (
			);
			dependencies = (
			);
			name = "Netflix-Swift5";
			productName = "Netflix-Swift5";
			productReference = AC3F53AB27D8A4E7009B74F5 /* Netflix-Swift5.app */;
			productType = "com.apple.product-type.application";
		};
/* End PBXNativeTarget section */

/* Begin PBXProject section */
		AC3F53A327D8A4E7009B74F5 /* Project object */ = {
			isa = PBXProject;
			attributes = {
				BuildIndependentTargetsInParallel = 1;
				LastSwiftUpdateCheck = 1330;
				LastUpgradeCheck = 1330;
				TargetAttributes = {
					AC3F53AA27D8A4E7009B74F5 = {
						CreatedOnToolsVersion = 13.3;
					};
				};
			};
			buildConfigurationList = AC3F53A627D8A4E7009B74F5 /* Build configuration list for PBXProject "Netflix-Swift5" */;
			compatibilityVersion = "Xcode 13.0";
			developmentRegion = en;
			hasScannedForEncodings = 0;
			knownRegions = (
				en,
				Base,
			);
			mainGroup = AC3F53A227D8A4E7009B74F5;
			productRefGroup = AC3F53AC27D8A4E7009B74F5 /* Products */;
			projectDirPath = "";
			projectRoot = "";
			targets = (
				AC3F53AA27D8A4E7009B74F5 /* Netflix-Swift5 */,
			);
		};
/* End PBXProject section */

/* Begin PBXResourcesBuildPhase section */
		AC3F53A927D8A4E7009B74F5 /* Resources */ = {
			isa = PBXResourcesBuildPhase;
			buildActionMask = 2147483647;
			files = (
				AC3F53BB27D8A4E8009B74F5 /* LaunchScreen.storyboard in Resources */,
				AC3F53B827D8A4E8009B74F5 /* Assets.xcassets in Resources */,
				AC3F53B627D8A4E7009B74F5 /* Main.storyboard in Resources */,
			);
			runOnlyForDeploymentPostprocessing = 0;
		};
/* End PBXResourcesBuildPhase section */

/* Begin PBXSourcesBuildPhase section */
		AC3F53A727D8A4E7009B74F5 /* Sources */ = {
			isa = PBXSourcesBuildPhase;
			buildActionMask = 2147483647;
			files = (
				AC3F53C827D8A563009B74F5 /* SearchViewController.swift in Sources */,
				ACFA4D0127D93A0D00DB7692 /* Constants.swift in Sources */,
				ACFA4CFB27D8B92800DB7692 /* FeedTableViewCell.swift in Sources */,
				ACFA4CFF27D939D800DB7692 /* NetworkManager.swift in Sources */,
				AC3F53CC27D8A604009B74F5 /* MainTabbarViewController.swift in Sources */,
				ACFA4CFD27D8C27C00DB7692 /* HeroHeaderUIView.swift in Sources */,
				AC3F53CA27D8A575009B74F5 /* DownloadsViewController.swift in Sources */,
				AC3F53AF27D8A4E7009B74F5 /* AppDelegate.swift in Sources */,
				AC3F53B127D8A4E7009B74F5 /* SceneDelegate.swift in Sources */,
				ACFA4D0327D93FFC00DB7692 /* TrendingMovie.swift in Sources */,
				AC3F53C627D8A556009B74F5 /* UpcomingViewController.swift in Sources */,
				AC3F53C427D8A53D009B74F5 /* HomeViewController.swift in Sources */,
				ACFA4D0527D943C800DB7692 /* APIError.swift in Sources */,
				ACFA4D0727D9DEC500DB7692 /* Extensions.swift in Sources */,
			);
			runOnlyForDeploymentPostprocessing = 0;
		};
/* End PBXSourcesBuildPhase section */

/* Begin PBXVariantGroup section */
		AC3F53B427D8A4E7009B74F5 /* Main.storyboard */ = {
			isa = PBXVariantGroup;
			children = (
				AC3F53B527D8A4E7009B74F5 /* Base */,
			);
			name = Main.storyboard;
			sourceTree = "<group>";
		};
		AC3F53B927D8A4E8009B74F5 /* LaunchScreen.storyboard */ = {
			isa = PBXVariantGroup;
			children = (
				AC3F53BA27D8A4E8009B74F5 /* Base */,
			);
			name = LaunchScreen.storyboard;
			sourceTree = "<group>";
		};
/* End PBXVariantGroup section */

/* Begin XCBuildConfiguration section */
		AC3F53BD27D8A4E8009B74F5 /* Debug */ = {
			isa = XCBuildConfiguration;
			buildSettings = {
				ALWAYS_SEARCH_USER_PATHS = NO;
				CLANG_ANALYZER_NONNULL = YES;
				CLANG_ANALYZER_NUMBER_OBJECT_CONVERSION = YES_AGGRESSIVE;
				CLANG_CXX_LANGUAGE_STANDARD = "gnu++17";
				CLANG_ENABLE_MODULES = YES;
				CLANG_ENABLE_OBJC_ARC = YES;
				CLANG_ENABLE_OBJC_WEAK = YES;
				CLANG_WARN_BLOCK_CAPTURE_AUTORELEASING = YES;
				CLANG_WARN_BOOL_CONVERSION = YES;
				CLANG_WARN_COMMA = YES;
				CLANG_WARN_CONSTANT_CONVERSION = YES;
				CLANG_WARN_DEPRECATED_OBJC_IMPLEMENTATIONS = YES;
				CLANG_WARN_DIRECT_OBJC_ISA_USAGE = YES_ERROR;
				CLANG_WARN_DOCUMENTATION_COMMENTS = YES;
				CLANG_WARN_EMPTY_BODY = YES;
				CLANG_WARN_ENUM_CONVERSION = YES;
				CLANG_WARN_INFINITE_RECURSION = YES;
				CLANG_WARN_INT_CONVERSION = YES;
				CLANG_WARN_NON_LITERAL_NULL_CONVERSION = YES;
				CLANG_WARN_OBJC_IMPLICIT_RETAIN_SELF = YES;
				CLANG_WARN_OBJC_LITERAL_CONVERSION = YES;
				CLANG_WARN_OBJC_ROOT_CLASS = YES_ERROR;
				CLANG_WARN_QUOTED_INCLUDE_IN_FRAMEWORK_HEADER = YES;
				CLANG_WARN_RANGE_LOOP_ANALYSIS = YES;
				CLANG_WARN_STRICT_PROTOTYPES = YES;
				CLANG_WARN_SUSPICIOUS_MOVE = YES;
				CLANG_WARN_UNGUARDED_AVAILABILITY = YES_AGGRESSIVE;
				CLANG_WARN_UNREACHABLE_CODE = YES;
				CLANG_WARN__DUPLICATE_METHOD_MATCH = YES;
				COPY_PHASE_STRIP = NO;
				DEBUG_INFORMATION_FORMAT = dwarf;
				ENABLE_STRICT_OBJC_MSGSEND = YES;
				ENABLE_TESTABILITY = YES;
				GCC_C_LANGUAGE_STANDARD = gnu11;
				GCC_DYNAMIC_NO_PIC = NO;
				GCC_NO_COMMON_BLOCKS = YES;
				GCC_OPTIMIZATION_LEVEL = 0;
				GCC_PREPROCESSOR_DEFINITIONS = (
					"DEBUG=1",
					"$(inherited)",
				);
				GCC_WARN_64_TO_32_BIT_CONVERSION = YES;
				GCC_WARN_ABOUT_RETURN_TYPE = YES_ERROR;
				GCC_WARN_UNDECLARED_SELECTOR = YES;
				GCC_WARN_UNINITIALIZED_AUTOS = YES_AGGRESSIVE;
				GCC_WARN_UNUSED_FUNCTION = YES;
				GCC_WARN_UNUSED_VARIABLE = YES;
				IPHONEOS_DEPLOYMENT_TARGET = 15.4;
				MTL_ENABLE_DEBUG_INFO = INCLUDE_SOURCE;
				MTL_FAST_MATH = YES;
				ONLY_ACTIVE_ARCH = YES;
				SDKROOT = iphoneos;
				SWIFT_ACTIVE_COMPILATION_CONDITIONS = DEBUG;
				SWIFT_OPTIMIZATION_LEVEL = "-Onone";
			};
			name = Debug;
		};
		AC3F53BE27D8A4E8009B74F5 /* Release */ = {
			isa = XCBuildConfiguration;
			buildSettings = {
				ALWAYS_SEARCH_USER_PATHS = NO;
				CLANG_ANALYZER_NONNULL = YES;
				CLANG_ANALYZER_NUMBER_OBJECT_CONVERSION = YES_AGGRESSIVE;
				CLANG_CXX_LANGUAGE_STANDARD = "gnu++17";
				CLANG_ENABLE_MODULES = YES;
				CLANG_ENABLE_OBJC_ARC = YES;
				CLANG_ENABLE_OBJC_WEAK = YES;
				CLANG_WARN_BLOCK_CAPTURE_AUTORELEASING = YES;
				CLANG_WARN_BOOL_CONVERSION = YES;
				CLANG_WARN_COMMA = YES;
				CLANG_WARN_CONSTANT_CONVERSION = YES;
				CLANG_WARN_DEPRECATED_OBJC_IMPLEMENTATIONS = YES;
				CLANG_WARN_DIRECT_OBJC_ISA_USAGE = YES_ERROR;
				CLANG_WARN_DOCUMENTATION_COMMENTS = YES;
				CLANG_WARN_EMPTY_BODY = YES;
				CLANG_WARN_ENUM_CONVERSION = YES;
				CLANG_WARN_INFINITE_RECURSION = YES;
				CLANG_WARN_INT_CONVERSION = YES;
				CLANG_WARN_NON_LITERAL_NULL_CONVERSION = YES;
				CLANG_WARN_OBJC_IMPLICIT_RETAIN_SELF = YES;
				CLANG_WARN_OBJC_LITERAL_CONVERSION = YES;
				CLANG_WARN_OBJC_ROOT_CLASS = YES_ERROR;
				CLANG_WARN_QUOTED_INCLUDE_IN_FRAMEWORK_HEADER = YES;
				CLANG_WARN_RANGE_LOOP_ANALYSIS = YES;
				CLANG_WARN_STRICT_PROTOTYPES = YES;
				CLANG_WARN_SUSPICIOUS_MOVE = YES;
				CLANG_WARN_UNGUARDED_AVAILABILITY = YES_AGGRESSIVE;
				CLANG_WARN_UNREACHABLE_CODE = YES;
				CLANG_WARN__DUPLICATE_METHOD_MATCH = YES;
				COPY_PHASE_STRIP = NO;
				DEBUG_INFORMATION_FORMAT = "dwarf-with-dsym";
				ENABLE_NS_ASSERTIONS = NO;
				ENABLE_STRICT_OBJC_MSGSEND = YES;
				GCC_C_LANGUAGE_STANDARD = gnu11;
				GCC_NO_COMMON_BLOCKS = YES;
				GCC_WARN_64_TO_32_BIT_CONVERSION = YES;
				GCC_WARN_ABOUT_RETURN_TYPE = YES_ERROR;
				GCC_WARN_UNDECLARED_SELECTOR = YES;
				GCC_WARN_UNINITIALIZED_AUTOS = YES_AGGRESSIVE;
				GCC_WARN_UNUSED_FUNCTION = YES;
				GCC_WARN_UNUSED_VARIABLE = YES;
				IPHONEOS_DEPLOYMENT_TARGET = 15.4;
				MTL_ENABLE_DEBUG_INFO = NO;
				MTL_FAST_MATH = YES;
				SDKROOT = iphoneos;
				SWIFT_COMPILATION_MODE = wholemodule;
				SWIFT_OPTIMIZATION_LEVEL = "-O";
				VALIDATE_PRODUCT = YES;
			};
			name = Release;
		};
		AC3F53C027D8A4E8009B74F5 /* Debug */ = {
			isa = XCBuildConfiguration;
			buildSettings = {
				ASSETCATALOG_COMPILER_APPICON_NAME = AppIcon;
				ASSETCATALOG_COMPILER_GLOBAL_ACCENT_COLOR_NAME = AccentColor;
				CODE_SIGN_STYLE = Automatic;
				CURRENT_PROJECT_VERSION = 1;
				DEVELOPMENT_TEAM = R4XB56HC9M;
				GENERATE_INFOPLIST_FILE = YES;
				INFOPLIST_FILE = "Netflix-Swift5/Info.plist";
				INFOPLIST_KEY_UIApplicationSupportsIndirectInputEvents = YES;
				INFOPLIST_KEY_UILaunchStoryboardName = LaunchScreen;
				INFOPLIST_KEY_UIMainStoryboardFile = Main;
				INFOPLIST_KEY_UISupportedInterfaceOrientations_iPad = "UIInterfaceOrientationPortrait UIInterfaceOrientationPortraitUpsideDown UIInterfaceOrientationLandscapeLeft UIInterfaceOrientationLandscapeRight";
				INFOPLIST_KEY_UISupportedInterfaceOrientations_iPhone = "UIInterfaceOrientationPortrait UIInterfaceOrientationLandscapeLeft UIInterfaceOrientationLandscapeRight";
				LD_RUNPATH_SEARCH_PATHS = (
					"$(inherited)",
					"@executable_path/Frameworks",
				);
				MARKETING_VERSION = 1.0;
				PRODUCT_BUNDLE_IDENTIFIER = "iMaxiOS.Netflix-Swift5";
				PRODUCT_NAME = "$(TARGET_NAME)";
				SWIFT_EMIT_LOC_STRINGS = YES;
				SWIFT_VERSION = 5.0;
				TARGETED_DEVICE_FAMILY = 1;
			};
			name = Debug;
		};
		AC3F53C127D8A4E8009B74F5 /* Release */ = {
			isa = XCBuildConfiguration;
			buildSettings = {
				ASSETCATALOG_COMPILER_APPICON_NAME = AppIcon;
				ASSETCATALOG_COMPILER_GLOBAL_ACCENT_COLOR_NAME = AccentColor;
				CODE_SIGN_STYLE = Automatic;
				CURRENT_PROJECT_VERSION = 1;
				DEVELOPMENT_TEAM = R4XB56HC9M;
				GENERATE_INFOPLIST_FILE = YES;
				INFOPLIST_FILE = "Netflix-Swift5/Info.plist";
				INFOPLIST_KEY_UIApplicationSupportsIndirectInputEvents = YES;
				INFOPLIST_KEY_UILaunchStoryboardName = LaunchScreen;
				INFOPLIST_KEY_UIMainStoryboardFile = Main;
				INFOPLIST_KEY_UISupportedInterfaceOrientations_iPad = "UIInterfaceOrientationPortrait UIInterfaceOrientationPortraitUpsideDown UIInterfaceOrientationLandscapeLeft UIInterfaceOrientationLandscapeRight";
				INFOPLIST_KEY_UISupportedInterfaceOrientations_iPhone = "UIInterfaceOrientationPortrait UIInterfaceOrientationLandscapeLeft UIInterfaceOrientationLandscapeRight";
				LD_RUNPATH_SEARCH_PATHS = (
					"$(inherited)",
					"@executable_path/Frameworks",
				);
				MARKETING_VERSION = 1.0;
				PRODUCT_BUNDLE_IDENTIFIER = "iMaxiOS.Netflix-Swift5";
				PRODUCT_NAME = "$(TARGET_NAME)";
				SWIFT_EMIT_LOC_STRINGS = YES;
				SWIFT_VERSION = 5.0;
				TARGETED_DEVICE_FAMILY = 1;
			};
			name = Release;
		};
/* End XCBuildConfiguration section */

/* Begin XCConfigurationList section */
		AC3F53A627D8A4E7009B74F5 /* Build configuration list for PBXProject "Netflix-Swift5" */ = {
			isa = XCConfigurationList;
			buildConfigurations = (
				AC3F53BD27D8A4E8009B74F5 /* Debug */,
				AC3F53BE27D8A4E8009B74F5 /* Release */,
			);
			defaultConfigurationIsVisible = 0;
			defaultConfigurationName = Release;
		};
		AC3F53BF27D8A4E8009B74F5 /* Build configuration list for PBXNativeTarget "Netflix-Swift5" */ = {
			isa = XCConfigurationList;
			buildConfigurations = (
				AC3F53C027D8A4E8009B74F5 /* Debug */,
				AC3F53C127D8A4E8009B74F5 /* Release */,
			);
			defaultConfigurationIsVisible = 0;
			defaultConfigurationName = Release;
		};
/* End XCConfigurationList section */
	};
	rootObject = AC3F53A327D8A4E7009B74F5 /* Project object */;
}
